// !$*UTF8*$!
{
	archiveVersion = 1;
	classes = {
	};
	objectVersion = 46;
	objects = {

/* Begin PBXBuildFile section */
		E47305E516C643FF004085AD /* UIKit.framework in Frameworks */ = {isa = PBXBuildFile; fileRef = E47305E416C643FF004085AD /* UIKit.framework */; };
		E47305E716C643FF004085AD /* Foundation.framework in Frameworks */ = {isa = PBXBuildFile; fileRef = E47305E616C643FF004085AD /* Foundation.framework */; };
		E47305E916C643FF004085AD /* CoreGraphics.framework in Frameworks */ = {isa = PBXBuildFile; fileRef = E47305E816C643FF004085AD /* CoreGraphics.framework */; };
		E47305EF16C643FF004085AD /* InfoPlist.strings in Resources */ = {isa = PBXBuildFile; fileRef = E47305ED16C643FF004085AD /* InfoPlist.strings */; };
		E47305F116C643FF004085AD /* main.m in Sources */ = {isa = PBXBuildFile; fileRef = E47305F016C643FF004085AD /* main.m */; };
		E47305F516C643FF004085AD /* CardGameAppDelegate.m in Sources */ = {isa = PBXBuildFile; fileRef = E47305F416C643FF004085AD /* CardGameAppDelegate.m */; };
		E47305F716C643FF004085AD /* Default.png in Resources */ = {isa = PBXBuildFile; fileRef = E47305F616C643FF004085AD /* Default.png */; };
		E47305F916C643FF004085AD /* Default@2x.png in Resources */ = {isa = PBXBuildFile; fileRef = E47305F816C643FF004085AD /* Default@2x.png */; };
		E47305FB16C643FF004085AD /* Default-568h@2x.png in Resources */ = {isa = PBXBuildFile; fileRef = E47305FA16C643FF004085AD /* Default-568h@2x.png */; };
		E47305FE16C643FF004085AD /* MainStoryboard.storyboard in Resources */ = {isa = PBXBuildFile; fileRef = E47305FC16C643FF004085AD /* MainStoryboard.storyboard */; };
		E473060116C643FF004085AD /* CardGameViewController.m in Sources */ = {isa = PBXBuildFile; fileRef = E473060016C643FF004085AD /* CardGameViewController.m */; };
		E473060F16C64608004085AD /* Card.m in Sources */ = {isa = PBXBuildFile; fileRef = E473060816C64608004085AD /* Card.m */; };
		E473061016C64608004085AD /* Deck.m in Sources */ = {isa = PBXBuildFile; fileRef = E473060A16C64608004085AD /* Deck.m */; };
		E473061116C64608004085AD /* PlayingCard.m in Sources */ = {isa = PBXBuildFile; fileRef = E473060C16C64608004085AD /* PlayingCard.m */; };
		E473061216C64608004085AD /* PlayingCardDeck.m in Sources */ = {isa = PBXBuildFile; fileRef = E473060E16C64608004085AD /* PlayingCardDeck.m */; };
		E473061616C646FC004085AD /* CardMatchingGame.m in Sources */ = {isa = PBXBuildFile; fileRef = E473061516C646FC004085AD /* CardMatchingGame.m */; };
		E473061B16C647AC004085AD /* Lotus.jpg in Resources */ = {isa = PBXBuildFile; fileRef = E473061816C647AC004085AD /* Lotus.jpg */; };
		E473069A16C6502B004085AD /* SetGameViewController.m in Sources */ = {isa = PBXBuildFile; fileRef = E473069916C6502B004085AD /* SetGameViewController.m */; };
		E47306A816C8395A004085AD /* SetCard.m in Sources */ = {isa = PBXBuildFile; fileRef = E47306A516C83958004085AD /* SetCard.m */; };
		E47306A916C8395A004085AD /* SetCardDeck.m in Sources */ = {isa = PBXBuildFile; fileRef = E47306A716C83958004085AD /* SetCardDeck.m */; };
		E4C9EB1F16CE873100D6B41A /* PlayingCardGameViewController.m in Sources */ = {isa = PBXBuildFile; fileRef = E4C9EB1E16CE873100D6B41A /* PlayingCardGameViewController.m */; };
		E4C9EB2116CEC7B300D6B41A /* spade_30x30.png in Resources */ = {isa = PBXBuildFile; fileRef = E4C9EB2016CEC7B300D6B41A /* spade_30x30.png */; };
		E4C9EB2516CEC96A00D6B41A /* spade_60x60.png in Resources */ = {isa = PBXBuildFile; fileRef = E4C9EB2216CEC96A00D6B41A /* spade_60x60.png */; };
		E4C9EB2616CEC96A00D6B41A /* square_30x30.png in Resources */ = {isa = PBXBuildFile; fileRef = E4C9EB2316CEC96A00D6B41A /* square_30x30.png */; };
		E4C9EB2716CEC96A00D6B41A /* square_60x60.png in Resources */ = {isa = PBXBuildFile; fileRef = E4C9EB2416CEC96A00D6B41A /* square_60x60.png */; };
		E4C9ECF116CECC0D00D6B41A /* club-1.png in Resources */ = {isa = PBXBuildFile; fileRef = E4C9EB2A16CECC0900D6B41A /* club-1.png */; };
		E4C9ECF216CECC0D00D6B41A /* club-1@2x.png in Resources */ = {isa = PBXBuildFile; fileRef = E4C9EB2B16CECC0900D6B41A /* club-1@2x.png */; };
		E4C9ECF316CECC0D00D6B41A /* club-2.png in Resources */ = {isa = PBXBuildFile; fileRef = E4C9EB2C16CECC0900D6B41A /* club-2.png */; };
		E4C9ECF416CECC0D00D6B41A /* club-2@2x.png in Resources */ = {isa = PBXBuildFile; fileRef = E4C9EB2D16CECC0900D6B41A /* club-2@2x.png */; };
		E4C9ECF516CECC0D00D6B41A /* club-3.png in Resources */ = {isa = PBXBuildFile; fileRef = E4C9EB2E16CECC0900D6B41A /* club-3.png */; };
		E4C9ECF616CECC0D00D6B41A /* club-3@2x.png in Resources */ = {isa = PBXBuildFile; fileRef = E4C9EB2F16CECC0900D6B41A /* club-3@2x.png */; };
		E4C9ECF716CECC0D00D6B41A /* club-4.png in Resources */ = {isa = PBXBuildFile; fileRef = E4C9EB3016CECC0900D6B41A /* club-4.png */; };
		E4C9ECF816CECC0D00D6B41A /* club-4@2x.png in Resources */ = {isa = PBXBuildFile; fileRef = E4C9EB3116CECC0900D6B41A /* club-4@2x.png */; };
		E4C9ECF916CECC0D00D6B41A /* club-5.png in Resources */ = {isa = PBXBuildFile; fileRef = E4C9EB3216CECC0900D6B41A /* club-5.png */; };
		E4C9ECFA16CECC0D00D6B41A /* club-5@2x.png in Resources */ = {isa = PBXBuildFile; fileRef = E4C9EB3316CECC0900D6B41A /* club-5@2x.png */; };
		E4C9ECFB16CECC0D00D6B41A /* club-6.png in Resources */ = {isa = PBXBuildFile; fileRef = E4C9EB3416CECC0900D6B41A /* club-6.png */; };
		E4C9ECFC16CECC0D00D6B41A /* club-6@2x.png in Resources */ = {isa = PBXBuildFile; fileRef = E4C9EB3516CECC0900D6B41A /* club-6@2x.png */; };
		E4C9ECFD16CECC0D00D6B41A /* club-7.png in Resources */ = {isa = PBXBuildFile; fileRef = E4C9EB3616CECC0900D6B41A /* club-7.png */; };
		E4C9ECFE16CECC0D00D6B41A /* club-7@2x.png in Resources */ = {isa = PBXBuildFile; fileRef = E4C9EB3716CECC0900D6B41A /* club-7@2x.png */; };
		E4C9ECFF16CECC0D00D6B41A /* club-8.png in Resources */ = {isa = PBXBuildFile; fileRef = E4C9EB3816CECC0900D6B41A /* club-8.png */; };
		E4C9ED0016CECC0D00D6B41A /* club-8@2x.png in Resources */ = {isa = PBXBuildFile; fileRef = E4C9EB3916CECC0900D6B41A /* club-8@2x.png */; };
		E4C9ED0116CECC0D00D6B41A /* club-9.png in Resources */ = {isa = PBXBuildFile; fileRef = E4C9EB3A16CECC0900D6B41A /* club-9.png */; };
		E4C9ED0216CECC0D00D6B41A /* club-9@2x.png in Resources */ = {isa = PBXBuildFile; fileRef = E4C9EB3B16CECC0900D6B41A /* club-9@2x.png */; };
		E4C9ED0316CECC0D00D6B41A /* club-10.png in Resources */ = {isa = PBXBuildFile; fileRef = E4C9EB3C16CECC0900D6B41A /* club-10.png */; };
		E4C9ED0416CECC0D00D6B41A /* club-10@2x.png in Resources */ = {isa = PBXBuildFile; fileRef = E4C9EB3D16CECC0900D6B41A /* club-10@2x.png */; };
		E4C9ED0516CECC0D00D6B41A /* club-11.png in Resources */ = {isa = PBXBuildFile; fileRef = E4C9EB3E16CECC0900D6B41A /* club-11.png */; };
		E4C9ED0616CECC0D00D6B41A /* club-11@2x.png in Resources */ = {isa = PBXBuildFile; fileRef = E4C9EB3F16CECC0900D6B41A /* club-11@2x.png */; };
		E4C9ED0716CECC0D00D6B41A /* club-12.png in Resources */ = {isa = PBXBuildFile; fileRef = E4C9EB4016CECC0900D6B41A /* club-12.png */; };
		E4C9ED0816CECC0D00D6B41A /* club-12@2x.png in Resources */ = {isa = PBXBuildFile; fileRef = E4C9EB4116CECC0900D6B41A /* club-12@2x.png */; };
		E4C9ED0916CECC0D00D6B41A /* club-13.png in Resources */ = {isa = PBXBuildFile; fileRef = E4C9EB4216CECC0900D6B41A /* club-13.png */; };
		E4C9ED0A16CECC0D00D6B41A /* club-13@2x.png in Resources */ = {isa = PBXBuildFile; fileRef = E4C9EB4316CECC0900D6B41A /* club-13@2x.png */; };
		E4C9ED1016CECC0D00D6B41A /* diamond-1.png in Resources */ = {isa = PBXBuildFile; fileRef = E4C9EB4916CECC0900D6B41A /* diamond-1.png */; };
		E4C9ED1116CECC0D00D6B41A /* diamond-1@2x.png in Resources */ = {isa = PBXBuildFile; fileRef = E4C9EB4A16CECC0900D6B41A /* diamond-1@2x.png */; };
		E4C9ED1216CECC0D00D6B41A /* diamond-2.png in Resources */ = {isa = PBXBuildFile; fileRef = E4C9EB4B16CECC0900D6B41A /* diamond-2.png */; };
		E4C9ED1316CECC0D00D6B41A /* diamond-2@2x.png in Resources */ = {isa = PBXBuildFile; fileRef = E4C9EB4C16CECC0900D6B41A /* diamond-2@2x.png */; };
		E4C9ED1416CECC0D00D6B41A /* diamond-3.png in Resources */ = {isa = PBXBuildFile; fileRef = E4C9EB4D16CECC0900D6B41A /* diamond-3.png */; };
		E4C9ED1516CECC0D00D6B41A /* diamond-3@2x.png in Resources */ = {isa = PBXBuildFile; fileRef = E4C9EB4E16CECC0900D6B41A /* diamond-3@2x.png */; };
		E4C9ED1616CECC0D00D6B41A /* diamond-4.png in Resources */ = {isa = PBXBuildFile; fileRef = E4C9EB4F16CECC0900D6B41A /* diamond-4.png */; };
		E4C9ED1716CECC0D00D6B41A /* diamond-4@2x.png in Resources */ = {isa = PBXBuildFile; fileRef = E4C9EB5016CECC0900D6B41A /* diamond-4@2x.png */; };
		E4C9ED1816CECC0D00D6B41A /* diamond-5.png in Resources */ = {isa = PBXBuildFile; fileRef = E4C9EB5116CECC0900D6B41A /* diamond-5.png */; };
		E4C9ED1916CECC0D00D6B41A /* diamond-5@2x.png in Resources */ = {isa = PBXBuildFile; fileRef = E4C9EB5216CECC0900D6B41A /* diamond-5@2x.png */; };
		E4C9ED1A16CECC0D00D6B41A /* diamond-6.png in Resources */ = {isa = PBXBuildFile; fileRef = E4C9EB5316CECC0900D6B41A /* diamond-6.png */; };
		E4C9ED1B16CECC0D00D6B41A /* diamond-6@2x.png in Resources */ = {isa = PBXBuildFile; fileRef = E4C9EB5416CECC0900D6B41A /* diamond-6@2x.png */; };
		E4C9ED1C16CECC0D00D6B41A /* diamond-7.png in Resources */ = {isa = PBXBuildFile; fileRef = E4C9EB5516CECC0900D6B41A /* diamond-7.png */; };
		E4C9ED1D16CECC0D00D6B41A /* diamond-7@2x.png in Resources */ = {isa = PBXBuildFile; fileRef = E4C9EB5616CECC0900D6B41A /* diamond-7@2x.png */; };
		E4C9ED1E16CECC0D00D6B41A /* diamond-8.png in Resources */ = {isa = PBXBuildFile; fileRef = E4C9EB5716CECC0900D6B41A /* diamond-8.png */; };
		E4C9ED1F16CECC0D00D6B41A /* diamond-8@2x.png in Resources */ = {isa = PBXBuildFile; fileRef = E4C9EB5816CECC0900D6B41A /* diamond-8@2x.png */; };
		E4C9ED2016CECC0D00D6B41A /* diamond-9.png in Resources */ = {isa = PBXBuildFile; fileRef = E4C9EB5916CECC0900D6B41A /* diamond-9.png */; };
		E4C9ED2116CECC0D00D6B41A /* diamond-9@2x.png in Resources */ = {isa = PBXBuildFile; fileRef = E4C9EB5A16CECC0900D6B41A /* diamond-9@2x.png */; };
		E4C9ED2216CECC0D00D6B41A /* diamond-10.png in Resources */ = {isa = PBXBuildFile; fileRef = E4C9EB5B16CECC0900D6B41A /* diamond-10.png */; };
		E4C9ED2316CECC0D00D6B41A /* diamond-10@2x.png in Resources */ = {isa = PBXBuildFile; fileRef = E4C9EB5C16CECC0900D6B41A /* diamond-10@2x.png */; };
		E4C9ED2416CECC0D00D6B41A /* diamond-11.png in Resources */ = {isa = PBXBuildFile; fileRef = E4C9EB5D16CECC0900D6B41A /* diamond-11.png */; };
		E4C9ED2516CECC0D00D6B41A /* diamond-11@2x.png in Resources */ = {isa = PBXBuildFile; fileRef = E4C9EB5E16CECC0900D6B41A /* diamond-11@2x.png */; };
		E4C9ED2616CECC0D00D6B41A /* diamond-12.png in Resources */ = {isa = PBXBuildFile; fileRef = E4C9EB5F16CECC0900D6B41A /* diamond-12.png */; };
		E4C9ED2716CECC0D00D6B41A /* diamond-12@2x.png in Resources */ = {isa = PBXBuildFile; fileRef = E4C9EB6016CECC0900D6B41A /* diamond-12@2x.png */; };
		E4C9ED2816CECC0D00D6B41A /* diamond-13.png in Resources */ = {isa = PBXBuildFile; fileRef = E4C9EB6116CECC0900D6B41A /* diamond-13.png */; };
		E4C9ED2916CECC0D00D6B41A /* diamond-13@2x.png in Resources */ = {isa = PBXBuildFile; fileRef = E4C9EB6216CECC0900D6B41A /* diamond-13@2x.png */; };
		E4C9ED2A16CECC0D00D6B41A /* heart-1.png in Resources */ = {isa = PBXBuildFile; fileRef = E4C9EB6316CECC0900D6B41A /* heart-1.png */; };
		E4C9ED2B16CECC0D00D6B41A /* heart-1@2x.png in Resources */ = {isa = PBXBuildFile; fileRef = E4C9EB6416CECC0900D6B41A /* heart-1@2x.png */; };
		E4C9ED2C16CECC0D00D6B41A /* heart-2.png in Resources */ = {isa = PBXBuildFile; fileRef = E4C9EB6516CECC0900D6B41A /* heart-2.png */; };
		E4C9ED2D16CECC0D00D6B41A /* heart-2@2x.png in Resources */ = {isa = PBXBuildFile; fileRef = E4C9EB6616CECC0900D6B41A /* heart-2@2x.png */; };
		E4C9ED2E16CECC0D00D6B41A /* heart-3.png in Resources */ = {isa = PBXBuildFile; fileRef = E4C9EB6716CECC0900D6B41A /* heart-3.png */; };
		E4C9ED2F16CECC0D00D6B41A /* heart-3@2x.png in Resources */ = {isa = PBXBuildFile; fileRef = E4C9EB6816CECC0900D6B41A /* heart-3@2x.png */; };
		E4C9ED3016CECC0D00D6B41A /* heart-4.png in Resources */ = {isa = PBXBuildFile; fileRef = E4C9EB6916CECC0900D6B41A /* heart-4.png */; };
		E4C9ED3116CECC0D00D6B41A /* heart-4@2x.png in Resources */ = {isa = PBXBuildFile; fileRef = E4C9EB6A16CECC0900D6B41A /* heart-4@2x.png */; };
		E4C9ED3216CECC0D00D6B41A /* heart-5.png in Resources */ = {isa = PBXBuildFile; fileRef = E4C9EB6B16CECC0900D6B41A /* heart-5.png */; };
		E4C9ED3316CECC0D00D6B41A /* heart-5@2x.png in Resources */ = {isa = PBXBuildFile; fileRef = E4C9EB6C16CECC0900D6B41A /* heart-5@2x.png */; };
		E4C9ED3416CECC0D00D6B41A /* heart-6.png in Resources */ = {isa = PBXBuildFile; fileRef = E4C9EB6D16CECC0900D6B41A /* heart-6.png */; };
		E4C9ED3516CECC0D00D6B41A /* heart-6@2x.png in Resources */ = {isa = PBXBuildFile; fileRef = E4C9EB6E16CECC0900D6B41A /* heart-6@2x.png */; };
		E4C9ED3616CECC0D00D6B41A /* heart-7.png in Resources */ = {isa = PBXBuildFile; fileRef = E4C9EB6F16CECC0900D6B41A /* heart-7.png */; };
		E4C9ED3716CECC0D00D6B41A /* heart-7@2x.png in Resources */ = {isa = PBXBuildFile; fileRef = E4C9EB7016CECC0900D6B41A /* heart-7@2x.png */; };
		E4C9ED3816CECC0D00D6B41A /* heart-8.png in Resources */ = {isa = PBXBuildFile; fileRef = E4C9EB7116CECC0900D6B41A /* heart-8.png */; };
		E4C9ED3916CECC0D00D6B41A /* heart-8@2x.png in Resources */ = {isa = PBXBuildFile; fileRef = E4C9EB7216CECC0900D6B41A /* heart-8@2x.png */; };
		E4C9ED3A16CECC0D00D6B41A /* heart-9.png in Resources */ = {isa = PBXBuildFile; fileRef = E4C9EB7316CECC0900D6B41A /* heart-9.png */; };
		E4C9ED3B16CECC0D00D6B41A /* heart-9@2x.png in Resources */ = {isa = PBXBuildFile; fileRef = E4C9EB7416CECC0900D6B41A /* heart-9@2x.png */; };
		E4C9ED3C16CECC0D00D6B41A /* heart-10.png in Resources */ = {isa = PBXBuildFile; fileRef = E4C9EB7516CECC0900D6B41A /* heart-10.png */; };
		E4C9ED3D16CECC0D00D6B41A /* heart-10@2x.png in Resources */ = {isa = PBXBuildFile; fileRef = E4C9EB7616CECC0900D6B41A /* heart-10@2x.png */; };
		E4C9ED3E16CECC0D00D6B41A /* heart-11.png in Resources */ = {isa = PBXBuildFile; fileRef = E4C9EB7716CECC0900D6B41A /* heart-11.png */; };
		E4C9ED3F16CECC0D00D6B41A /* heart-11@2x.png in Resources */ = {isa = PBXBuildFile; fileRef = E4C9EB7816CECC0900D6B41A /* heart-11@2x.png */; };
		E4C9ED4016CECC0D00D6B41A /* heart-12.png in Resources */ = {isa = PBXBuildFile; fileRef = E4C9EB7916CECC0900D6B41A /* heart-12.png */; };
		E4C9ED4116CECC0D00D6B41A /* heart-12@2x.png in Resources */ = {isa = PBXBuildFile; fileRef = E4C9EB7A16CECC0900D6B41A /* heart-12@2x.png */; };
		E4C9ED4216CECC0D00D6B41A /* heart-13.png in Resources */ = {isa = PBXBuildFile; fileRef = E4C9EB7B16CECC0900D6B41A /* heart-13.png */; };
		E4C9ED4316CECC0D00D6B41A /* heart-13@2x.png in Resources */ = {isa = PBXBuildFile; fileRef = E4C9EB7C16CECC0900D6B41A /* heart-13@2x.png */; };
		E4C9EE9816CECC0E00D6B41A /* spade-1.png in Resources */ = {isa = PBXBuildFile; fileRef = E4C9ECD316CECC0D00D6B41A /* spade-1.png */; };
		E4C9EE9916CECC0E00D6B41A /* spade-1@2x.png in Resources */ = {isa = PBXBuildFile; fileRef = E4C9ECD416CECC0D00D6B41A /* spade-1@2x.png */; };
		E4C9EE9A16CECC0E00D6B41A /* spade-2.png in Resources */ = {isa = PBXBuildFile; fileRef = E4C9ECD516CECC0D00D6B41A /* spade-2.png */; };
		E4C9EE9B16CECC0E00D6B41A /* spade-2@2x.png in Resources */ = {isa = PBXBuildFile; fileRef = E4C9ECD616CECC0D00D6B41A /* spade-2@2x.png */; };
		E4C9EE9C16CECC0E00D6B41A /* spade-3.png in Resources */ = {isa = PBXBuildFile; fileRef = E4C9ECD716CECC0D00D6B41A /* spade-3.png */; };
		E4C9EE9D16CECC0E00D6B41A /* spade-3@2x.png in Resources */ = {isa = PBXBuildFile; fileRef = E4C9ECD816CECC0D00D6B41A /* spade-3@2x.png */; };
		E4C9EE9E16CECC0E00D6B41A /* spade-4.png in Resources */ = {isa = PBXBuildFile; fileRef = E4C9ECD916CECC0D00D6B41A /* spade-4.png */; };
		E4C9EE9F16CECC0E00D6B41A /* spade-4@2x.png in Resources */ = {isa = PBXBuildFile; fileRef = E4C9ECDA16CECC0D00D6B41A /* spade-4@2x.png */; };
		E4C9EEA016CECC0E00D6B41A /* spade-5.png in Resources */ = {isa = PBXBuildFile; fileRef = E4C9ECDB16CECC0D00D6B41A /* spade-5.png */; };
		E4C9EEA116CECC0E00D6B41A /* spade-5@2x.png in Resources */ = {isa = PBXBuildFile; fileRef = E4C9ECDC16CECC0D00D6B41A /* spade-5@2x.png */; };
		E4C9EEA216CECC0E00D6B41A /* spade-6.png in Resources */ = {isa = PBXBuildFile; fileRef = E4C9ECDD16CECC0D00D6B41A /* spade-6.png */; };
		E4C9EEA316CECC0E00D6B41A /* spade-6@2x.png in Resources */ = {isa = PBXBuildFile; fileRef = E4C9ECDE16CECC0D00D6B41A /* spade-6@2x.png */; };
		E4C9EEA416CECC0E00D6B41A /* spade-7.png in Resources */ = {isa = PBXBuildFile; fileRef = E4C9ECDF16CECC0D00D6B41A /* spade-7.png */; };
		E4C9EEA516CECC0E00D6B41A /* spade-7@2x.png in Resources */ = {isa = PBXBuildFile; fileRef = E4C9ECE016CECC0D00D6B41A /* spade-7@2x.png */; };
		E4C9EEA616CECC0E00D6B41A /* spade-8.png in Resources */ = {isa = PBXBuildFile; fileRef = E4C9ECE116CECC0D00D6B41A /* spade-8.png */; };
		E4C9EEA716CECC0E00D6B41A /* spade-8@2x.png in Resources */ = {isa = PBXBuildFile; fileRef = E4C9ECE216CECC0D00D6B41A /* spade-8@2x.png */; };
		E4C9EEA816CECC0E00D6B41A /* spade-9.png in Resources */ = {isa = PBXBuildFile; fileRef = E4C9ECE316CECC0D00D6B41A /* spade-9.png */; };
		E4C9EEA916CECC0E00D6B41A /* spade-9@2x.png in Resources */ = {isa = PBXBuildFile; fileRef = E4C9ECE416CECC0D00D6B41A /* spade-9@2x.png */; };
		E4C9EEAA16CECC0E00D6B41A /* spade-10.png in Resources */ = {isa = PBXBuildFile; fileRef = E4C9ECE516CECC0D00D6B41A /* spade-10.png */; };
		E4C9EEAB16CECC0E00D6B41A /* spade-10@2x.png in Resources */ = {isa = PBXBuildFile; fileRef = E4C9ECE616CECC0D00D6B41A /* spade-10@2x.png */; };
		E4C9EEAC16CECC0E00D6B41A /* spade-11.png in Resources */ = {isa = PBXBuildFile; fileRef = E4C9ECE716CECC0D00D6B41A /* spade-11.png */; };
		E4C9EEAD16CECC0E00D6B41A /* spade-11@2x.png in Resources */ = {isa = PBXBuildFile; fileRef = E4C9ECE816CECC0D00D6B41A /* spade-11@2x.png */; };
		E4C9EEAE16CECC0E00D6B41A /* spade-12.png in Resources */ = {isa = PBXBuildFile; fileRef = E4C9ECE916CECC0D00D6B41A /* spade-12.png */; };
		E4C9EEAF16CECC0E00D6B41A /* spade-12@2x.png in Resources */ = {isa = PBXBuildFile; fileRef = E4C9ECEA16CECC0D00D6B41A /* spade-12@2x.png */; };
		E4C9EEB016CECC0E00D6B41A /* spade-13.png in Resources */ = {isa = PBXBuildFile; fileRef = E4C9ECEB16CECC0D00D6B41A /* spade-13.png */; };
		E4C9EEB116CECC0E00D6B41A /* spade-13@2x.png in Resources */ = {isa = PBXBuildFile; fileRef = E4C9ECEC16CECC0D00D6B41A /* spade-13@2x.png */; };
/* End PBXBuildFile section */

/* Begin PBXFileReference section */
		E47305E116C643FF004085AD /* SetGame.app */ = {isa = PBXFileReference; explicitFileType = wrapper.application; includeInIndex = 0; path = SetGame.app; sourceTree = BUILT_PRODUCTS_DIR; };
		E47305E416C643FF004085AD /* UIKit.framework */ = {isa = PBXFileReference; lastKnownFileType = wrapper.framework; name = UIKit.framework; path = System/Library/Frameworks/UIKit.framework; sourceTree = SDKROOT; };
		E47305E616C643FF004085AD /* Foundation.framework */ = {isa = PBXFileReference; lastKnownFileType = wrapper.framework; name = Foundation.framework; path = System/Library/Frameworks/Foundation.framework; sourceTree = SDKROOT; };
		E47305E816C643FF004085AD /* CoreGraphics.framework */ = {isa = PBXFileReference; lastKnownFileType = wrapper.framework; name = CoreGraphics.framework; path = System/Library/Frameworks/CoreGraphics.framework; sourceTree = SDKROOT; };
		E47305EC16C643FF004085AD /* SetGame-Info.plist */ = {isa = PBXFileReference; lastKnownFileType = text.plist.xml; path = "SetGame-Info.plist"; sourceTree = "<group>"; };
		E47305EE16C643FF004085AD /* en */ = {isa = PBXFileReference; lastKnownFileType = text.plist.strings; name = en; path = en.lproj/InfoPlist.strings; sourceTree = "<group>"; };
		E47305F016C643FF004085AD /* main.m */ = {isa = PBXFileReference; lastKnownFileType = sourcecode.c.objc; path = main.m; sourceTree = "<group>"; };
		E47305F216C643FF004085AD /* SetGame-Prefix.pch */ = {isa = PBXFileReference; lastKnownFileType = sourcecode.c.h; path = "SetGame-Prefix.pch"; sourceTree = "<group>"; };
		E47305F316C643FF004085AD /* CardGameAppDelegate.h */ = {isa = PBXFileReference; lastKnownFileType = sourcecode.c.h; path = CardGameAppDelegate.h; sourceTree = "<group>"; };
		E47305F416C643FF004085AD /* CardGameAppDelegate.m */ = {isa = PBXFileReference; lastKnownFileType = sourcecode.c.objc; path = CardGameAppDelegate.m; sourceTree = "<group>"; };
		E47305F616C643FF004085AD /* Default.png */ = {isa = PBXFileReference; lastKnownFileType = image.png; path = Default.png; sourceTree = "<group>"; };
		E47305F816C643FF004085AD /* Default@2x.png */ = {isa = PBXFileReference; lastKnownFileType = image.png; path = "Default@2x.png"; sourceTree = "<group>"; };
		E47305FA16C643FF004085AD /* Default-568h@2x.png */ = {isa = PBXFileReference; lastKnownFileType = image.png; path = "Default-568h@2x.png"; sourceTree = "<group>"; };
		E47305FD16C643FF004085AD /* en */ = {isa = PBXFileReference; lastKnownFileType = file.storyboard; name = en; path = en.lproj/MainStoryboard.storyboard; sourceTree = "<group>"; };
		E47305FF16C643FF004085AD /* CardGameViewController.h */ = {isa = PBXFileReference; lastKnownFileType = sourcecode.c.h; path = CardGameViewController.h; sourceTree = "<group>"; };
		E473060016C643FF004085AD /* CardGameViewController.m */ = {isa = PBXFileReference; lastKnownFileType = sourcecode.c.objc; path = CardGameViewController.m; sourceTree = "<group>"; };
		E473060716C64608004085AD /* Card.h */ = {isa = PBXFileReference; fileEncoding = 4; lastKnownFileType = sourcecode.c.h; name = Card.h; path = SetGame/Model/Card.h; sourceTree = "<group>"; };
		E473060816C64608004085AD /* Card.m */ = {isa = PBXFileReference; fileEncoding = 4; lastKnownFileType = sourcecode.c.objc; name = Card.m; path = SetGame/Model/Card.m; sourceTree = "<group>"; };
		E473060916C64608004085AD /* Deck.h */ = {isa = PBXFileReference; fileEncoding = 4; lastKnownFileType = sourcecode.c.h; name = Deck.h; path = SetGame/Model/Deck.h; sourceTree = "<group>"; };
		E473060A16C64608004085AD /* Deck.m */ = {isa = PBXFileReference; fileEncoding = 4; lastKnownFileType = sourcecode.c.objc; name = Deck.m; path = SetGame/Model/Deck.m; sourceTree = "<group>"; };
		E473060B16C64608004085AD /* PlayingCard.h */ = {isa = PBXFileReference; fileEncoding = 4; lastKnownFileType = sourcecode.c.h; name = PlayingCard.h; path = SetGame/Model/PlayingCard.h; sourceTree = "<group>"; };
		E473060C16C64608004085AD /* PlayingCard.m */ = {isa = PBXFileReference; fileEncoding = 4; lastKnownFileType = sourcecode.c.objc; name = PlayingCard.m; path = SetGame/Model/PlayingCard.m; sourceTree = "<group>"; };
		E473060D16C64608004085AD /* PlayingCardDeck.h */ = {isa = PBXFileReference; fileEncoding = 4; lastKnownFileType = sourcecode.c.h; name = PlayingCardDeck.h; path = SetGame/Model/PlayingCardDeck.h; sourceTree = "<group>"; };
		E473060E16C64608004085AD /* PlayingCardDeck.m */ = {isa = PBXFileReference; fileEncoding = 4; lastKnownFileType = sourcecode.c.objc; name = PlayingCardDeck.m; path = SetGame/Model/PlayingCardDeck.m; sourceTree = "<group>"; };
		E473061416C646FC004085AD /* CardMatchingGame.h */ = {isa = PBXFileReference; fileEncoding = 4; lastKnownFileType = sourcecode.c.h; name = CardMatchingGame.h; path = SetGame/CardMatchingGame.h; sourceTree = "<group>"; };
		E473061516C646FC004085AD /* CardMatchingGame.m */ = {isa = PBXFileReference; fileEncoding = 4; lastKnownFileType = sourcecode.c.objc; name = CardMatchingGame.m; path = SetGame/CardMatchingGame.m; sourceTree = "<group>"; };
		E473061816C647AC004085AD /* Lotus.jpg */ = {isa = PBXFileReference; lastKnownFileType = image.jpeg; name = Lotus.jpg; path = ../Lotus.jpg; sourceTree = "<group>"; };
		E473069816C6502B004085AD /* SetGameViewController.h */ = {isa = PBXFileReference; fileEncoding = 4; lastKnownFileType = sourcecode.c.h; path = SetGameViewController.h; sourceTree = "<group>"; };
		E473069916C6502B004085AD /* SetGameViewController.m */ = {isa = PBXFileReference; fileEncoding = 4; lastKnownFileType = sourcecode.c.objc; path = SetGameViewController.m; sourceTree = "<group>"; };
		E47306A416C83958004085AD /* SetCard.h */ = {isa = PBXFileReference; fileEncoding = 4; lastKnownFileType = sourcecode.c.h; name = SetCard.h; path = SetGame/Model/SetCard.h; sourceTree = "<group>"; };
		E47306A516C83958004085AD /* SetCard.m */ = {isa = PBXFileReference; fileEncoding = 4; lastKnownFileType = sourcecode.c.objc; name = SetCard.m; path = SetGame/Model/SetCard.m; sourceTree = "<group>"; };
		E47306A616C83958004085AD /* SetCardDeck.h */ = {isa = PBXFileReference; fileEncoding = 4; lastKnownFileType = sourcecode.c.h; name = SetCardDeck.h; path = SetGame/Model/SetCardDeck.h; sourceTree = "<group>"; };
		E47306A716C83958004085AD /* SetCardDeck.m */ = {isa = PBXFileReference; fileEncoding = 4; lastKnownFileType = sourcecode.c.objc; name = SetCardDeck.m; path = SetGame/Model/SetCardDeck.m; sourceTree = "<group>"; };
		E4C9EB1D16CE873100D6B41A /* PlayingCardGameViewController.h */ = {isa = PBXFileReference; fileEncoding = 4; lastKnownFileType = sourcecode.c.h; path = PlayingCardGameViewController.h; sourceTree = "<group>"; };
		E4C9EB1E16CE873100D6B41A /* PlayingCardGameViewController.m */ = {isa = PBXFileReference; fileEncoding = 4; lastKnownFileType = sourcecode.c.objc; path = PlayingCardGameViewController.m; sourceTree = "<group>"; };
		E4C9EB2016CEC7B300D6B41A /* spade_30x30.png */ = {isa = PBXFileReference; lastKnownFileType = image.png; path = spade_30x30.png; sourceTree = "<group>"; };
		E4C9EB2216CEC96A00D6B41A /* spade_60x60.png */ = {isa = PBXFileReference; lastKnownFileType = image.png; path = spade_60x60.png; sourceTree = "<group>"; };
		E4C9EB2316CEC96A00D6B41A /* square_30x30.png */ = {isa = PBXFileReference; lastKnownFileType = image.png; path = square_30x30.png; sourceTree = "<group>"; };
		E4C9EB2416CEC96A00D6B41A /* square_60x60.png */ = {isa = PBXFileReference; lastKnownFileType = image.png; path = square_60x60.png; sourceTree = "<group>"; };
		E4C9EB2A16CECC0900D6B41A /* club-1.png */ = {isa = PBXFileReference; lastKnownFileType = image.png; path = "club-1.png"; sourceTree = "<group>"; };
		E4C9EB2B16CECC0900D6B41A /* club-1@2x.png */ = {isa = PBXFileReference; lastKnownFileType = image.png; path = "club-1@2x.png"; sourceTree = "<group>"; };
		E4C9EB2C16CECC0900D6B41A /* club-2.png */ = {isa = PBXFileReference; lastKnownFileType = image.png; path = "club-2.png"; sourceTree = "<group>"; };
		E4C9EB2D16CECC0900D6B41A /* club-2@2x.png */ = {isa = PBXFileReference; lastKnownFileType = image.png; path = "club-2@2x.png"; sourceTree = "<group>"; };
		E4C9EB2E16CECC0900D6B41A /* club-3.png */ = {isa = PBXFileReference; lastKnownFileType = image.png; path = "club-3.png"; sourceTree = "<group>"; };
		E4C9EB2F16CECC0900D6B41A /* club-3@2x.png */ = {isa = PBXFileReference; lastKnownFileType = image.png; path = "club-3@2x.png"; sourceTree = "<group>"; };
		E4C9EB3016CECC0900D6B41A /* club-4.png */ = {isa = PBXFileReference; lastKnownFileType = image.png; path = "club-4.png"; sourceTree = "<group>"; };
		E4C9EB3116CECC0900D6B41A /* club-4@2x.png */ = {isa = PBXFileReference; lastKnownFileType = image.png; path = "club-4@2x.png"; sourceTree = "<group>"; };
		E4C9EB3216CECC0900D6B41A /* club-5.png */ = {isa = PBXFileReference; lastKnownFileType = image.png; path = "club-5.png"; sourceTree = "<group>"; };
		E4C9EB3316CECC0900D6B41A /* club-5@2x.png */ = {isa = PBXFileReference; lastKnownFileType = image.png; path = "club-5@2x.png"; sourceTree = "<group>"; };
		E4C9EB3416CECC0900D6B41A /* club-6.png */ = {isa = PBXFileReference; lastKnownFileType = image.png; path = "club-6.png"; sourceTree = "<group>"; };
		E4C9EB3516CECC0900D6B41A /* club-6@2x.png */ = {isa = PBXFileReference; lastKnownFileType = image.png; path = "club-6@2x.png"; sourceTree = "<group>"; };
		E4C9EB3616CECC0900D6B41A /* club-7.png */ = {isa = PBXFileReference; lastKnownFileType = image.png; path = "club-7.png"; sourceTree = "<group>"; };
		E4C9EB3716CECC0900D6B41A /* club-7@2x.png */ = {isa = PBXFileReference; lastKnownFileType = image.png; path = "club-7@2x.png"; sourceTree = "<group>"; };
		E4C9EB3816CECC0900D6B41A /* club-8.png */ = {isa = PBXFileReference; lastKnownFileType = image.png; path = "club-8.png"; sourceTree = "<group>"; };
		E4C9EB3916CECC0900D6B41A /* club-8@2x.png */ = {isa = PBXFileReference; lastKnownFileType = image.png; path = "club-8@2x.png"; sourceTree = "<group>"; };
		E4C9EB3A16CECC0900D6B41A /* club-9.png */ = {isa = PBXFileReference; lastKnownFileType = image.png; path = "club-9.png"; sourceTree = "<group>"; };
		E4C9EB3B16CECC0900D6B41A /* club-9@2x.png */ = {isa = PBXFileReference; lastKnownFileType = image.png; path = "club-9@2x.png"; sourceTree = "<group>"; };
		E4C9EB3C16CECC0900D6B41A /* club-10.png */ = {isa = PBXFileReference; lastKnownFileType = image.png; path = "club-10.png"; sourceTree = "<group>"; };
		E4C9EB3D16CECC0900D6B41A /* club-10@2x.png */ = {isa = PBXFileReference; lastKnownFileType = image.png; path = "club-10@2x.png"; sourceTree = "<group>"; };
		E4C9EB3E16CECC0900D6B41A /* club-11.png */ = {isa = PBXFileReference; lastKnownFileType = image.png; path = "club-11.png"; sourceTree = "<group>"; };
		E4C9EB3F16CECC0900D6B41A /* club-11@2x.png */ = {isa = PBXFileReference; lastKnownFileType = image.png; path = "club-11@2x.png"; sourceTree = "<group>"; };
		E4C9EB4016CECC0900D6B41A /* club-12.png */ = {isa = PBXFileReference; lastKnownFileType = image.png; path = "club-12.png"; sourceTree = "<group>"; };
		E4C9EB4116CECC0900D6B41A /* club-12@2x.png */ = {isa = PBXFileReference; lastKnownFileType = image.png; path = "club-12@2x.png"; sourceTree = "<group>"; };
		E4C9EB4216CECC0900D6B41A /* club-13.png */ = {isa = PBXFileReference; lastKnownFileType = image.png; path = "club-13.png"; sourceTree = "<group>"; };
		E4C9EB4316CECC0900D6B41A /* club-13@2x.png */ = {isa = PBXFileReference; lastKnownFileType = image.png; path = "club-13@2x.png"; sourceTree = "<group>"; };
		E4C9EB4916CECC0900D6B41A /* diamond-1.png */ = {isa = PBXFileReference; lastKnownFileType = image.png; path = "diamond-1.png"; sourceTree = "<group>"; };
		E4C9EB4A16CECC0900D6B41A /* diamond-1@2x.png */ = {isa = PBXFileReference; lastKnownFileType = image.png; path = "diamond-1@2x.png"; sourceTree = "<group>"; };
		E4C9EB4B16CECC0900D6B41A /* diamond-2.png */ = {isa = PBXFileReference; lastKnownFileType = image.png; path = "diamond-2.png"; sourceTree = "<group>"; };
		E4C9EB4C16CECC0900D6B41A /* diamond-2@2x.png */ = {isa = PBXFileReference; lastKnownFileType = image.png; path = "diamond-2@2x.png"; sourceTree = "<group>"; };
		E4C9EB4D16CECC0900D6B41A /* diamond-3.png */ = {isa = PBXFileReference; lastKnownFileType = image.png; path = "diamond-3.png"; sourceTree = "<group>"; };
		E4C9EB4E16CECC0900D6B41A /* diamond-3@2x.png */ = {isa = PBXFileReference; lastKnownFileType = image.png; path = "diamond-3@2x.png"; sourceTree = "<group>"; };
		E4C9EB4F16CECC0900D6B41A /* diamond-4.png */ = {isa = PBXFileReference; lastKnownFileType = image.png; path = "diamond-4.png"; sourceTree = "<group>"; };
		E4C9EB5016CECC0900D6B41A /* diamond-4@2x.png */ = {isa = PBXFileReference; lastKnownFileType = image.png; path = "diamond-4@2x.png"; sourceTree = "<group>"; };
		E4C9EB5116CECC0900D6B41A /* diamond-5.png */ = {isa = PBXFileReference; lastKnownFileType = image.png; path = "diamond-5.png"; sourceTree = "<group>"; };
		E4C9EB5216CECC0900D6B41A /* diamond-5@2x.png */ = {isa = PBXFileReference; lastKnownFileType = image.png; path = "diamond-5@2x.png"; sourceTree = "<group>"; };
		E4C9EB5316CECC0900D6B41A /* diamond-6.png */ = {isa = PBXFileReference; lastKnownFileType = image.png; path = "diamond-6.png"; sourceTree = "<group>"; };
		E4C9EB5416CECC0900D6B41A /* diamond-6@2x.png */ = {isa = PBXFileReference; lastKnownFileType = image.png; path = "diamond-6@2x.png"; sourceTree = "<group>"; };
		E4C9EB5516CECC0900D6B41A /* diamond-7.png */ = {isa = PBXFileReference; lastKnownFileType = image.png; path = "diamond-7.png"; sourceTree = "<group>"; };
		E4C9EB5616CECC0900D6B41A /* diamond-7@2x.png */ = {isa = PBXFileReference; lastKnownFileType = image.png; path = "diamond-7@2x.png"; sourceTree = "<group>"; };
		E4C9EB5716CECC0900D6B41A /* diamond-8.png */ = {isa = PBXFileReference; lastKnownFileType = image.png; path = "diamond-8.png"; sourceTree = "<group>"; };
		E4C9EB5816CECC0900D6B41A /* diamond-8@2x.png */ = {isa = PBXFileReference; lastKnownFileType = image.png; path = "diamond-8@2x.png"; sourceTree = "<group>"; };
		E4C9EB5916CECC0900D6B41A /* diamond-9.png */ = {isa = PBXFileReference; lastKnownFileType = image.png; path = "diamond-9.png"; sourceTree = "<group>"; };
		E4C9EB5A16CECC0900D6B41A /* diamond-9@2x.png */ = {isa = PBXFileReference; lastKnownFileType = image.png; path = "diamond-9@2x.png"; sourceTree = "<group>"; };
		E4C9EB5B16CECC0900D6B41A /* diamond-10.png */ = {isa = PBXFileReference; lastKnownFileType = image.png; path = "diamond-10.png"; sourceTree = "<group>"; };
		E4C9EB5C16CECC0900D6B41A /* diamond-10@2x.png */ = {isa = PBXFileReference; lastKnownFileType = image.png; path = "diamond-10@2x.png"; sourceTree = "<group>"; };
		E4C9EB5D16CECC0900D6B41A /* diamond-11.png */ = {isa = PBXFileReference; lastKnownFileType = image.png; path = "diamond-11.png"; sourceTree = "<group>"; };
		E4C9EB5E16CECC0900D6B41A /* diamond-11@2x.png */ = {isa = PBXFileReference; lastKnownFileType = image.png; path = "diamond-11@2x.png"; sourceTree = "<group>"; };
		E4C9EB5F16CECC0900D6B41A /* diamond-12.png */ = {isa = PBXFileReference; lastKnownFileType = image.png; path = "diamond-12.png"; sourceTree = "<group>"; };
		E4C9EB6016CECC0900D6B41A /* diamond-12@2x.png */ = {isa = PBXFileReference; lastKnownFileType = image.png; path = "diamond-12@2x.png"; sourceTree = "<group>"; };
		E4C9EB6116CECC0900D6B41A /* diamond-13.png */ = {isa = PBXFileReference; lastKnownFileType = image.png; path = "diamond-13.png"; sourceTree = "<group>"; };
		E4C9EB6216CECC0900D6B41A /* diamond-13@2x.png */ = {isa = PBXFileReference; lastKnownFileType = image.png; path = "diamond-13@2x.png"; sourceTree = "<group>"; };
		E4C9EB6316CECC0900D6B41A /* heart-1.png */ = {isa = PBXFileReference; lastKnownFileType = image.png; path = "heart-1.png"; sourceTree = "<group>"; };
		E4C9EB6416CECC0900D6B41A /* heart-1@2x.png */ = {isa = PBXFileReference; lastKnownFileType = image.png; path = "heart-1@2x.png"; sourceTree = "<group>"; };
		E4C9EB6516CECC0900D6B41A /* heart-2.png */ = {isa = PBXFileReference; lastKnownFileType = image.png; path = "heart-2.png"; sourceTree = "<group>"; };
		E4C9EB6616CECC0900D6B41A /* heart-2@2x.png */ = {isa = PBXFileReference; lastKnownFileType = image.png; path = "heart-2@2x.png"; sourceTree = "<group>"; };
		E4C9EB6716CECC0900D6B41A /* heart-3.png */ = {isa = PBXFileReference; lastKnownFileType = image.png; path = "heart-3.png"; sourceTree = "<group>"; };
		E4C9EB6816CECC0900D6B41A /* heart-3@2x.png */ = {isa = PBXFileReference; lastKnownFileType = image.png; path = "heart-3@2x.png"; sourceTree = "<group>"; };
		E4C9EB6916CECC0900D6B41A /* heart-4.png */ = {isa = PBXFileReference; lastKnownFileType = image.png; path = "heart-4.png"; sourceTree = "<group>"; };
		E4C9EB6A16CECC0900D6B41A /* heart-4@2x.png */ = {isa = PBXFileReference; lastKnownFileType = image.png; path = "heart-4@2x.png"; sourceTree = "<group>"; };
		E4C9EB6B16CECC0900D6B41A /* heart-5.png */ = {isa = PBXFileReference; lastKnownFileType = image.png; path = "heart-5.png"; sourceTree = "<group>"; };
		E4C9EB6C16CECC0900D6B41A /* heart-5@2x.png */ = {isa = PBXFileReference; lastKnownFileType = image.png; path = "heart-5@2x.png"; sourceTree = "<group>"; };
		E4C9EB6D16CECC0900D6B41A /* heart-6.png */ = {isa = PBXFileReference; lastKnownFileType = image.png; path = "heart-6.png"; sourceTree = "<group>"; };
		E4C9EB6E16CECC0900D6B41A /* heart-6@2x.png */ = {isa = PBXFileReference; lastKnownFileType = image.png; path = "heart-6@2x.png"; sourceTree = "<group>"; };
		E4C9EB6F16CECC0900D6B41A /* heart-7.png */ = {isa = PBXFileReference; lastKnownFileType = image.png; path = "heart-7.png"; sourceTree = "<group>"; };
		E4C9EB7016CECC0900D6B41A /* heart-7@2x.png */ = {isa = PBXFileReference; lastKnownFileType = image.png; path = "heart-7@2x.png"; sourceTree = "<group>"; };
		E4C9EB7116CECC0900D6B41A /* heart-8.png */ = {isa = PBXFileReference; lastKnownFileType = image.png; path = "heart-8.png"; sourceTree = "<group>"; };
		E4C9EB7216CECC0900D6B41A /* heart-8@2x.png */ = {isa = PBXFileReference; lastKnownFileType = image.png; path = "heart-8@2x.png"; sourceTree = "<group>"; };
		E4C9EB7316CECC0900D6B41A /* heart-9.png */ = {isa = PBXFileReference; lastKnownFileType = image.png; path = "heart-9.png"; sourceTree = "<group>"; };
		E4C9EB7416CECC0900D6B41A /* heart-9@2x.png */ = {isa = PBXFileReference; lastKnownFileType = image.png; path = "heart-9@2x.png"; sourceTree = "<group>"; };
		E4C9EB7516CECC0900D6B41A /* heart-10.png */ = {isa = PBXFileReference; lastKnownFileType = image.png; path = "heart-10.png"; sourceTree = "<group>"; };
		E4C9EB7616CECC0900D6B41A /* heart-10@2x.png */ = {isa = PBXFileReference; lastKnownFileType = image.png; path = "heart-10@2x.png"; sourceTree = "<group>"; };
		E4C9EB7716CECC0900D6B41A /* heart-11.png */ = {isa = PBXFileReference; lastKnownFileType = image.png; path = "heart-11.png"; sourceTree = "<group>"; };
		E4C9EB7816CECC0900D6B41A /* heart-11@2x.png */ = {isa = PBXFileReference; lastKnownFileType = image.png; path = "heart-11@2x.png"; sourceTree = "<group>"; };
		E4C9EB7916CECC0900D6B41A /* heart-12.png */ = {isa = PBXFileReference; lastKnownFileType = image.png; path = "heart-12.png"; sourceTree = "<group>"; };
		E4C9EB7A16CECC0900D6B41A /* heart-12@2x.png */ = {isa = PBXFileReference; lastKnownFileType = image.png; path = "heart-12@2x.png"; sourceTree = "<group>"; };
		E4C9EB7B16CECC0900D6B41A /* heart-13.png */ = {isa = PBXFileReference; lastKnownFileType = image.png; path = "heart-13.png"; sourceTree = "<group>"; };
		E4C9EB7C16CECC0900D6B41A /* heart-13@2x.png */ = {isa = PBXFileReference; lastKnownFileType = image.png; path = "heart-13@2x.png"; sourceTree = "<group>"; };
		E4C9ECD316CECC0D00D6B41A /* spade-1.png */ = {isa = PBXFileReference; lastKnownFileType = image.png; path = "spade-1.png"; sourceTree = "<group>"; };
		E4C9ECD416CECC0D00D6B41A /* spade-1@2x.png */ = {isa = PBXFileReference; lastKnownFileType = image.png; path = "spade-1@2x.png"; sourceTree = "<group>"; };
		E4C9ECD516CECC0D00D6B41A /* spade-2.png */ = {isa = PBXFileReference; lastKnownFileType = image.png; path = "spade-2.png"; sourceTree = "<group>"; };
		E4C9ECD616CECC0D00D6B41A /* spade-2@2x.png */ = {isa = PBXFileReference; lastKnownFileType = image.png; path = "spade-2@2x.png"; sourceTree = "<group>"; };
		E4C9ECD716CECC0D00D6B41A /* spade-3.png */ = {isa = PBXFileReference; lastKnownFileType = image.png; path = "spade-3.png"; sourceTree = "<group>"; };
		E4C9ECD816CECC0D00D6B41A /* spade-3@2x.png */ = {isa = PBXFileReference; lastKnownFileType = image.png; path = "spade-3@2x.png"; sourceTree = "<group>"; };
		E4C9ECD916CECC0D00D6B41A /* spade-4.png */ = {isa = PBXFileReference; lastKnownFileType = image.png; path = "spade-4.png"; sourceTree = "<group>"; };
		E4C9ECDA16CECC0D00D6B41A /* spade-4@2x.png */ = {isa = PBXFileReference; lastKnownFileType = image.png; path = "spade-4@2x.png"; sourceTree = "<group>"; };
		E4C9ECDB16CECC0D00D6B41A /* spade-5.png */ = {isa = PBXFileReference; lastKnownFileType = image.png; path = "spade-5.png"; sourceTree = "<group>"; };
		E4C9ECDC16CECC0D00D6B41A /* spade-5@2x.png */ = {isa = PBXFileReference; lastKnownFileType = image.png; path = "spade-5@2x.png"; sourceTree = "<group>"; };
		E4C9ECDD16CECC0D00D6B41A /* spade-6.png */ = {isa = PBXFileReference; lastKnownFileType = image.png; path = "spade-6.png"; sourceTree = "<group>"; };
		E4C9ECDE16CECC0D00D6B41A /* spade-6@2x.png */ = {isa = PBXFileReference; lastKnownFileType = image.png; path = "spade-6@2x.png"; sourceTree = "<group>"; };
		E4C9ECDF16CECC0D00D6B41A /* spade-7.png */ = {isa = PBXFileReference; lastKnownFileType = image.png; path = "spade-7.png"; sourceTree = "<group>"; };
		E4C9ECE016CECC0D00D6B41A /* spade-7@2x.png */ = {isa = PBXFileReference; lastKnownFileType = image.png; path = "spade-7@2x.png"; sourceTree = "<group>"; };
		E4C9ECE116CECC0D00D6B41A /* spade-8.png */ = {isa = PBXFileReference; lastKnownFileType = image.png; path = "spade-8.png"; sourceTree = "<group>"; };
		E4C9ECE216CECC0D00D6B41A /* spade-8@2x.png */ = {isa = PBXFileReference; lastKnownFileType = image.png; path = "spade-8@2x.png"; sourceTree = "<group>"; };
		E4C9ECE316CECC0D00D6B41A /* spade-9.png */ = {isa = PBXFileReference; lastKnownFileType = image.png; path = "spade-9.png"; sourceTree = "<group>"; };
		E4C9ECE416CECC0D00D6B41A /* spade-9@2x.png */ = {isa = PBXFileReference; lastKnownFileType = image.png; path = "spade-9@2x.png"; sourceTree = "<group>"; };
		E4C9ECE516CECC0D00D6B41A /* spade-10.png */ = {isa = PBXFileReference; lastKnownFileType = image.png; path = "spade-10.png"; sourceTree = "<group>"; };
		E4C9ECE616CECC0D00D6B41A /* spade-10@2x.png */ = {isa = PBXFileReference; lastKnownFileType = image.png; path = "spade-10@2x.png"; sourceTree = "<group>"; };
		E4C9ECE716CECC0D00D6B41A /* spade-11.png */ = {isa = PBXFileReference; lastKnownFileType = image.png; path = "spade-11.png"; sourceTree = "<group>"; };
		E4C9ECE816CECC0D00D6B41A /* spade-11@2x.png */ = {isa = PBXFileReference; lastKnownFileType = image.png; path = "spade-11@2x.png"; sourceTree = "<group>"; };
		E4C9ECE916CECC0D00D6B41A /* spade-12.png */ = {isa = PBXFileReference; lastKnownFileType = image.png; path = "spade-12.png"; sourceTree = "<group>"; };
		E4C9ECEA16CECC0D00D6B41A /* spade-12@2x.png */ = {isa = PBXFileReference; lastKnownFileType = image.png; path = "spade-12@2x.png"; sourceTree = "<group>"; };
		E4C9ECEB16CECC0D00D6B41A /* spade-13.png */ = {isa = PBXFileReference; lastKnownFileType = image.png; path = "spade-13.png"; sourceTree = "<group>"; };
		E4C9ECEC16CECC0D00D6B41A /* spade-13@2x.png */ = {isa = PBXFileReference; lastKnownFileType = image.png; path = "spade-13@2x.png"; sourceTree = "<group>"; };
/* End PBXFileReference section */

/* Begin PBXFrameworksBuildPhase section */
		E47305DE16C643FF004085AD /* Frameworks */ = {
			isa = PBXFrameworksBuildPhase;
			buildActionMask = 2147483647;
			files = (
				E47305E516C643FF004085AD /* UIKit.framework in Frameworks */,
				E47305E716C643FF004085AD /* Foundation.framework in Frameworks */,
				E47305E916C643FF004085AD /* CoreGraphics.framework in Frameworks */,
			);
			runOnlyForDeploymentPostprocessing = 0;
		};
/* End PBXFrameworksBuildPhase section */

/* Begin PBXGroup section */
		E47305D816C643FF004085AD = {
			isa = PBXGroup;
			children = (
				E47305EA16C643FF004085AD /* SetGame */,
				E47305E316C643FF004085AD /* Frameworks */,
				E47305E216C643FF004085AD /* Products */,
			);
			sourceTree = "<group>";
		};
		E47305E216C643FF004085AD /* Products */ = {
			isa = PBXGroup;
			children = (
				E47305E116C643FF004085AD /* SetGame.app */,
			);
			name = Products;
			sourceTree = "<group>";
		};
		E47305E316C643FF004085AD /* Frameworks */ = {
			isa = PBXGroup;
			children = (
				E47305E416C643FF004085AD /* UIKit.framework */,
				E47305E616C643FF004085AD /* Foundation.framework */,
				E47305E816C643FF004085AD /* CoreGraphics.framework */,
			);
			name = Frameworks;
			sourceTree = "<group>";
		};
		E47305EA16C643FF004085AD /* SetGame */ = {
			isa = PBXGroup;
			children = (
				E473061316C64615004085AD /* Model */,
				E47305FF16C643FF004085AD /* CardGameViewController.h */,
				E473060016C643FF004085AD /* CardGameViewController.m */,
				E4C9EB1D16CE873100D6B41A /* PlayingCardGameViewController.h */,
				E4C9EB1E16CE873100D6B41A /* PlayingCardGameViewController.m */,
				E473069816C6502B004085AD /* SetGameViewController.h */,
				E473069916C6502B004085AD /* SetGameViewController.m */,
				E47305FC16C643FF004085AD /* MainStoryboard.storyboard */,
				E47305EB16C643FF004085AD /* Supporting Files */,
			);
			path = SetGame;
			sourceTree = "<group>";
		};
		E47305EB16C643FF004085AD /* Supporting Files */ = {
			isa = PBXGroup;
			children = (
				E473061D16C647C5004085AD /* 75 */,
				E47305F316C643FF004085AD /* CardGameAppDelegate.h */,
				E47305F416C643FF004085AD /* CardGameAppDelegate.m */,
				E47305EC16C643FF004085AD /* SetGame-Info.plist */,
				E47305ED16C643FF004085AD /* InfoPlist.strings */,
				E47305F016C643FF004085AD /* main.m */,
				E47305F216C643FF004085AD /* SetGame-Prefix.pch */,
				E47305F616C643FF004085AD /* Default.png */,
				E47305F816C643FF004085AD /* Default@2x.png */,
				E47305FA16C643FF004085AD /* Default-568h@2x.png */,
			);
			name = "Supporting Files";
			sourceTree = "<group>";
		};
		E473061316C64615004085AD /* Model */ = {
			isa = PBXGroup;
			children = (
				E473061416C646FC004085AD /* CardMatchingGame.h */,
				E473061516C646FC004085AD /* CardMatchingGame.m */,
				E47306A416C83958004085AD /* SetCard.h */,
				E47306A516C83958004085AD /* SetCard.m */,
				E47306A616C83958004085AD /* SetCardDeck.h */,
				E47306A716C83958004085AD /* SetCardDeck.m */,
				E473060716C64608004085AD /* Card.h */,
				E473060816C64608004085AD /* Card.m */,
				E473060916C64608004085AD /* Deck.h */,
				E473060A16C64608004085AD /* Deck.m */,
				E473060B16C64608004085AD /* PlayingCard.h */,
				E473060C16C64608004085AD /* PlayingCard.m */,
				E473060D16C64608004085AD /* PlayingCardDeck.h */,
				E473060E16C64608004085AD /* PlayingCardDeck.m */,
			);
			name = Model;
			path = ..;
			sourceTree = "<group>";
		};
		E473061D16C647C5004085AD /* 75 */ = {
			isa = PBXGroup;
			children = (
				E473061816C647AC004085AD /* Lotus.jpg */,
				E4C9EB2A16CECC0900D6B41A /* club-1.png */,
				E4C9EB2B16CECC0900D6B41A /* club-1@2x.png */,
				E4C9EB2C16CECC0900D6B41A /* club-2.png */,
				E4C9EB2D16CECC0900D6B41A /* club-2@2x.png */,
				E4C9EB2E16CECC0900D6B41A /* club-3.png */,
				E4C9EB2F16CECC0900D6B41A /* club-3@2x.png */,
				E4C9EB3016CECC0900D6B41A /* club-4.png */,
				E4C9EB3116CECC0900D6B41A /* club-4@2x.png */,
				E4C9EB3216CECC0900D6B41A /* club-5.png */,
				E4C9EB3316CECC0900D6B41A /* club-5@2x.png */,
				E4C9EB3416CECC0900D6B41A /* club-6.png */,
				E4C9EB3516CECC0900D6B41A /* club-6@2x.png */,
				E4C9EB3616CECC0900D6B41A /* club-7.png */,
				E4C9EB3716CECC0900D6B41A /* club-7@2x.png */,
				E4C9EB3816CECC0900D6B41A /* club-8.png */,
				E4C9EB3916CECC0900D6B41A /* club-8@2x.png */,
				E4C9EB3A16CECC0900D6B41A /* club-9.png */,
				E4C9EB3B16CECC0900D6B41A /* club-9@2x.png */,
				E4C9EB3C16CECC0900D6B41A /* club-10.png */,
				E4C9EB3D16CECC0900D6B41A /* club-10@2x.png */,
				E4C9EB3E16CECC0900D6B41A /* club-11.png */,
				E4C9EB3F16CECC0900D6B41A /* club-11@2x.png */,
				E4C9EB4016CECC0900D6B41A /* club-12.png */,
				E4C9EB4116CECC0900D6B41A /* club-12@2x.png */,
				E4C9EB4216CECC0900D6B41A /* club-13.png */,
				E4C9EB4316CECC0900D6B41A /* club-13@2x.png */,
				E4C9EB4916CECC0900D6B41A /* diamond-1.png */,
				E4C9EB4A16CECC0900D6B41A /* diamond-1@2x.png */,
				E4C9EB4B16CECC0900D6B41A /* diamond-2.png */,
				E4C9EB4C16CECC0900D6B41A /* diamond-2@2x.png */,
				E4C9EB4D16CECC0900D6B41A /* diamond-3.png */,
				E4C9EB4E16CECC0900D6B41A /* diamond-3@2x.png */,
				E4C9EB4F16CECC0900D6B41A /* diamond-4.png */,
				E4C9EB5016CECC0900D6B41A /* diamond-4@2x.png */,
				E4C9EB5116CECC0900D6B41A /* diamond-5.png */,
				E4C9EB5216CECC0900D6B41A /* diamond-5@2x.png */,
				E4C9EB5316CECC0900D6B41A /* diamond-6.png */,
				E4C9EB5416CECC0900D6B41A /* diamond-6@2x.png */,
				E4C9EB5516CECC0900D6B41A /* diamond-7.png */,
				E4C9EB5616CECC0900D6B41A /* diamond-7@2x.png */,
				E4C9EB5716CECC0900D6B41A /* diamond-8.png */,
				E4C9EB5816CECC0900D6B41A /* diamond-8@2x.png */,
				E4C9EB5916CECC0900D6B41A /* diamond-9.png */,
				E4C9EB5A16CECC0900D6B41A /* diamond-9@2x.png */,
				E4C9EB5B16CECC0900D6B41A /* diamond-10.png */,
				E4C9EB5C16CECC0900D6B41A /* diamond-10@2x.png */,
				E4C9EB5D16CECC0900D6B41A /* diamond-11.png */,
				E4C9EB5E16CECC0900D6B41A /* diamond-11@2x.png */,
				E4C9EB5F16CECC0900D6B41A /* diamond-12.png */,
				E4C9EB6016CECC0900D6B41A /* diamond-12@2x.png */,
				E4C9EB6116CECC0900D6B41A /* diamond-13.png */,
				E4C9EB6216CECC0900D6B41A /* diamond-13@2x.png */,
				E4C9EB6316CECC0900D6B41A /* heart-1.png */,
				E4C9EB6416CECC0900D6B41A /* heart-1@2x.png */,
				E4C9EB6516CECC0900D6B41A /* heart-2.png */,
				E4C9EB6616CECC0900D6B41A /* heart-2@2x.png */,
				E4C9EB6716CECC0900D6B41A /* heart-3.png */,
				E4C9EB6816CECC0900D6B41A /* heart-3@2x.png */,
				E4C9EB6916CECC0900D6B41A /* heart-4.png */,
				E4C9EB6A16CECC0900D6B41A /* heart-4@2x.png */,
				E4C9EB6B16CECC0900D6B41A /* heart-5.png */,
				E4C9EB6C16CECC0900D6B41A /* heart-5@2x.png */,
				E4C9EB6D16CECC0900D6B41A /* heart-6.png */,
				E4C9EB6E16CECC0900D6B41A /* heart-6@2x.png */,
				E4C9EB6F16CECC0900D6B41A /* heart-7.png */,
				E4C9EB7016CECC0900D6B41A /* heart-7@2x.png */,
				E4C9EB7116CECC0900D6B41A /* heart-8.png */,
				E4C9EB7216CECC0900D6B41A /* heart-8@2x.png */,
				E4C9EB7316CECC0900D6B41A /* heart-9.png */,
				E4C9EB7416CECC0900D6B41A /* heart-9@2x.png */,
				E4C9EB7516CECC0900D6B41A /* heart-10.png */,
				E4C9EB7616CECC0900D6B41A /* heart-10@2x.png */,
				E4C9EB7716CECC0900D6B41A /* heart-11.png */,
				E4C9EB7816CECC0900D6B41A /* heart-11@2x.png */,
				E4C9EB7916CECC0900D6B41A /* heart-12.png */,
				E4C9EB7A16CECC0900D6B41A /* heart-12@2x.png */,
				E4C9EB7B16CECC0900D6B41A /* heart-13.png */,
				E4C9EB7C16CECC0900D6B41A /* heart-13@2x.png */,
				E4C9ECD316CECC0D00D6B41A /* spade-1.png */,
				E4C9ECD416CECC0D00D6B41A /* spade-1@2x.png */,
				E4C9ECD516CECC0D00D6B41A /* spade-2.png */,
				E4C9ECD616CECC0D00D6B41A /* spade-2@2x.png */,
				E4C9ECD716CECC0D00D6B41A /* spade-3.png */,
				E4C9ECD816CECC0D00D6B41A /* spade-3@2x.png */,
				E4C9ECD916CECC0D00D6B41A /* spade-4.png */,
				E4C9ECDA16CECC0D00D6B41A /* spade-4@2x.png */,
				E4C9ECDB16CECC0D00D6B41A /* spade-5.png */,
				E4C9ECDC16CECC0D00D6B41A /* spade-5@2x.png */,
				E4C9ECDD16CECC0D00D6B41A /* spade-6.png */,
				E4C9ECDE16CECC0D00D6B41A /* spade-6@2x.png */,
				E4C9ECDF16CECC0D00D6B41A /* spade-7.png */,
				E4C9ECE016CECC0D00D6B41A /* spade-7@2x.png */,
				E4C9ECE116CECC0D00D6B41A /* spade-8.png */,
				E4C9ECE216CECC0D00D6B41A /* spade-8@2x.png */,
				E4C9ECE316CECC0D00D6B41A /* spade-9.png */,
				E4C9ECE416CECC0D00D6B41A /* spade-9@2x.png */,
				E4C9ECE516CECC0D00D6B41A /* spade-10.png */,
				E4C9ECE616CECC0D00D6B41A /* spade-10@2x.png */,
				E4C9ECE716CECC0D00D6B41A /* spade-11.png */,
				E4C9ECE816CECC0D00D6B41A /* spade-11@2x.png */,
				E4C9ECE916CECC0D00D6B41A /* spade-12.png */,
				E4C9ECEA16CECC0D00D6B41A /* spade-12@2x.png */,
				E4C9ECEB16CECC0D00D6B41A /* spade-13.png */,
				E4C9ECEC16CECC0D00D6B41A /* spade-13@2x.png */,
				E4C9EB2216CEC96A00D6B41A /* spade_60x60.png */,
				E4C9EB2316CEC96A00D6B41A /* square_30x30.png */,
				E4C9EB2416CEC96A00D6B41A /* square_60x60.png */,
				E4C9EB2016CEC7B300D6B41A /* spade_30x30.png */,
			);
			path = 75;
			sourceTree = "<group>";
		};
/* End PBXGroup section */

/* Begin PBXNativeTarget section */
		E47305E016C643FF004085AD /* SetGame */ = {
			isa = PBXNativeTarget;
			buildConfigurationList = E473060416C643FF004085AD /* Build configuration list for PBXNativeTarget "SetGame" */;
			buildPhases = (
				E47305DD16C643FF004085AD /* Sources */,
				E47305DE16C643FF004085AD /* Frameworks */,
				E47305DF16C643FF004085AD /* Resources */,
			);
			buildRules = (
			);
			dependencies = (
			);
			name = SetGame;
			productName = SetGame;
			productReference = E47305E116C643FF004085AD /* SetGame.app */;
			productType = "com.apple.product-type.application";
		};
/* End PBXNativeTarget section */

/* Begin PBXProject section */
		E47305D916C643FF004085AD /* Project object */ = {
			isa = PBXProject;
			attributes = {
				CLASSPREFIX = CardGame;
				LastUpgradeCheck = 0460;
				ORGANIZATIONNAME = "Tatiana Kornilova";
			};
			buildConfigurationList = E47305DC16C643FF004085AD /* Build configuration list for PBXProject "SetGame" */;
			compatibilityVersion = "Xcode 3.2";
			developmentRegion = English;
			hasScannedForEncodings = 0;
			knownRegions = (
				en,
			);
			mainGroup = E47305D816C643FF004085AD;
			productRefGroup = E47305E216C643FF004085AD /* Products */;
			projectDirPath = "";
			projectRoot = "";
			targets = (
				E47305E016C643FF004085AD /* SetGame */,
			);
		};
/* End PBXProject section */

/* Begin PBXResourcesBuildPhase section */
		E47305DF16C643FF004085AD /* Resources */ = {
			isa = PBXResourcesBuildPhase;
			buildActionMask = 2147483647;
			files = (
				E47305EF16C643FF004085AD /* InfoPlist.strings in Resources */,
				E47305F716C643FF004085AD /* Default.png in Resources */,
				E47305F916C643FF004085AD /* Default@2x.png in Resources */,
				E47305FB16C643FF004085AD /* Default-568h@2x.png in Resources */,
				E47305FE16C643FF004085AD /* MainStoryboard.storyboard in Resources */,
				E473061B16C647AC004085AD /* Lotus.jpg in Resources */,
				E4C9EB2116CEC7B300D6B41A /* spade_30x30.png in Resources */,
				E4C9EB2516CEC96A00D6B41A /* spade_60x60.png in Resources */,
				E4C9EB2616CEC96A00D6B41A /* square_30x30.png in Resources */,
				E4C9EB2716CEC96A00D6B41A /* square_60x60.png in Resources */,
				E4C9ECF116CECC0D00D6B41A /* club-1.png in Resources */,
				E4C9ECF216CECC0D00D6B41A /* club-1@2x.png in Resources */,
				E4C9ECF316CECC0D00D6B41A /* club-2.png in Resources */,
				E4C9ECF416CECC0D00D6B41A /* club-2@2x.png in Resources */,
				E4C9ECF516CECC0D00D6B41A /* club-3.png in Resources */,
				E4C9ECF616CECC0D00D6B41A /* club-3@2x.png in Resources */,
				E4C9ECF716CECC0D00D6B41A /* club-4.png in Resources */,
				E4C9ECF816CECC0D00D6B41A /* club-4@2x.png in Resources */,
				E4C9ECF916CECC0D00D6B41A /* club-5.png in Resources */,
				E4C9ECFA16CECC0D00D6B41A /* club-5@2x.png in Resources */,
				E4C9ECFB16CECC0D00D6B41A /* club-6.png in Resources */,
				E4C9ECFC16CECC0D00D6B41A /* club-6@2x.png in Resources */,
				E4C9ECFD16CECC0D00D6B41A /* club-7.png in Resources */,
				E4C9ECFE16CECC0D00D6B41A /* club-7@2x.png in Resources */,
				E4C9ECFF16CECC0D00D6B41A /* club-8.png in Resources */,
				E4C9ED0016CECC0D00D6B41A /* club-8@2x.png in Resources */,
				E4C9ED0116CECC0D00D6B41A /* club-9.png in Resources */,
				E4C9ED0216CECC0D00D6B41A /* club-9@2x.png in Resources */,
				E4C9ED0316CECC0D00D6B41A /* club-10.png in Resources */,
				E4C9ED0416CECC0D00D6B41A /* club-10@2x.png in Resources */,
				E4C9ED0516CECC0D00D6B41A /* club-11.png in Resources */,
				E4C9ED0616CECC0D00D6B41A /* club-11@2x.png in Resources */,
				E4C9ED0716CECC0D00D6B41A /* club-12.png in Resources */,
				E4C9ED0816CECC0D00D6B41A /* club-12@2x.png in Resources */,
				E4C9ED0916CECC0D00D6B41A /* club-13.png in Resources */,
				E4C9ED0A16CECC0D00D6B41A /* club-13@2x.png in Resources */,
				E4C9ED1016CECC0D00D6B41A /* diamond-1.png in Resources */,
				E4C9ED1116CECC0D00D6B41A /* diamond-1@2x.png in Resources */,
				E4C9ED1216CECC0D00D6B41A /* diamond-2.png in Resources */,
				E4C9ED1316CECC0D00D6B41A /* diamond-2@2x.png in Resources */,
				E4C9ED1416CECC0D00D6B41A /* diamond-3.png in Resources */,
				E4C9ED1516CECC0D00D6B41A /* diamond-3@2x.png in Resources */,
				E4C9ED1616CECC0D00D6B41A /* diamond-4.png in Resources */,
				E4C9ED1716CECC0D00D6B41A /* diamond-4@2x.png in Resources */,
				E4C9ED1816CECC0D00D6B41A /* diamond-5.png in Resources */,
				E4C9ED1916CECC0D00D6B41A /* diamond-5@2x.png in Resources */,
				E4C9ED1A16CECC0D00D6B41A /* diamond-6.png in Resources */,
				E4C9ED1B16CECC0D00D6B41A /* diamond-6@2x.png in Resources */,
				E4C9ED1C16CECC0D00D6B41A /* diamond-7.png in Resources */,
				E4C9ED1D16CECC0D00D6B41A /* diamond-7@2x.png in Resources */,
				E4C9ED1E16CECC0D00D6B41A /* diamond-8.png in Resources */,
				E4C9ED1F16CECC0D00D6B41A /* diamond-8@2x.png in Resources */,
				E4C9ED2016CECC0D00D6B41A /* diamond-9.png in Resources */,
				E4C9ED2116CECC0D00D6B41A /* diamond-9@2x.png in Resources */,
				E4C9ED2216CECC0D00D6B41A /* diamond-10.png in Resources */,
				E4C9ED2316CECC0D00D6B41A /* diamond-10@2x.png in Resources */,
				E4C9ED2416CECC0D00D6B41A /* diamond-11.png in Resources */,
				E4C9ED2516CECC0D00D6B41A /* diamond-11@2x.png in Resources */,
				E4C9ED2616CECC0D00D6B41A /* diamond-12.png in Resources */,
				E4C9ED2716CECC0D00D6B41A /* diamond-12@2x.png in Resources */,
				E4C9ED2816CECC0D00D6B41A /* diamond-13.png in Resources */,
				E4C9ED2916CECC0D00D6B41A /* diamond-13@2x.png in Resources */,
				E4C9ED2A16CECC0D00D6B41A /* heart-1.png in Resources */,
				E4C9ED2B16CECC0D00D6B41A /* heart-1@2x.png in Resources */,
				E4C9ED2C16CECC0D00D6B41A /* heart-2.png in Resources */,
				E4C9ED2D16CECC0D00D6B41A /* heart-2@2x.png in Resources */,
				E4C9ED2E16CECC0D00D6B41A /* heart-3.png in Resources */,
				E4C9ED2F16CECC0D00D6B41A /* heart-3@2x.png in Resources */,
				E4C9ED3016CECC0D00D6B41A /* heart-4.png in Resources */,
				E4C9ED3116CECC0D00D6B41A /* heart-4@2x.png in Resources */,
				E4C9ED3216CECC0D00D6B41A /* heart-5.png in Resources */,
				E4C9ED3316CECC0D00D6B41A /* heart-5@2x.png in Resources */,
				E4C9ED3416CECC0D00D6B41A /* heart-6.png in Resources */,
				E4C9ED3516CECC0D00D6B41A /* heart-6@2x.png in Resources */,
				E4C9ED3616CECC0D00D6B41A /* heart-7.png in Resources */,
				E4C9ED3716CECC0D00D6B41A /* heart-7@2x.png in Resources */,
				E4C9ED3816CECC0D00D6B41A /* heart-8.png in Resources */,
				E4C9ED3916CECC0D00D6B41A /* heart-8@2x.png in Resources */,
				E4C9ED3A16CECC0D00D6B41A /* heart-9.png in Resources */,
				E4C9ED3B16CECC0D00D6B41A /* heart-9@2x.png in Resources */,
				E4C9ED3C16CECC0D00D6B41A /* heart-10.png in Resources */,
				E4C9ED3D16CECC0D00D6B41A /* heart-10@2x.png in Resources */,
				E4C9ED3E16CECC0D00D6B41A /* heart-11.png in Resources */,
				E4C9ED3F16CECC0D00D6B41A /* heart-11@2x.png in Resources */,
				E4C9ED4016CECC0D00D6B41A /* heart-12.png in Resources */,
				E4C9ED4116CECC0D00D6B41A /* heart-12@2x.png in Resources */,
				E4C9ED4216CECC0D00D6B41A /* heart-13.png in Resources */,
				E4C9ED4316CECC0D00D6B41A /* heart-13@2x.png in Resources */,
				E4C9EE9816CECC0E00D6B41A /* spade-1.png in Resources */,
				E4C9EE9916CECC0E00D6B41A /* spade-1@2x.png in Resources */,
				E4C9EE9A16CECC0E00D6B41A /* spade-2.png in Resources */,
				E4C9EE9B16CECC0E00D6B41A /* spade-2@2x.png in Resources */,
				E4C9EE9C16CECC0E00D6B41A /* spade-3.png in Resources */,
				E4C9EE9D16CECC0E00D6B41A /* spade-3@2x.png in Resources */,
				E4C9EE9E16CECC0E00D6B41A /* spade-4.png in Resources */,
				E4C9EE9F16CECC0E00D6B41A /* spade-4@2x.png in Resources */,
				E4C9EEA016CECC0E00D6B41A /* spade-5.png in Resources */,
				E4C9EEA116CECC0E00D6B41A /* spade-5@2x.png in Resources */,
				E4C9EEA216CECC0E00D6B41A /* spade-6.png in Resources */,
				E4C9EEA316CECC0E00D6B41A /* spade-6@2x.png in Resources */,
				E4C9EEA416CECC0E00D6B41A /* spade-7.png in Resources */,
				E4C9EEA516CECC0E00D6B41A /* spade-7@2x.png in Resources */,
				E4C9EEA616CECC0E00D6B41A /* spade-8.png in Resources */,
				E4C9EEA716CECC0E00D6B41A /* spade-8@2x.png in Resources */,
				E4C9EEA816CECC0E00D6B41A /* spade-9.png in Resources */,
				E4C9EEA916CECC0E00D6B41A /* spade-9@2x.png in Resources */,
				E4C9EEAA16CECC0E00D6B41A /* spade-10.png in Resources */,
				E4C9EEAB16CECC0E00D6B41A /* spade-10@2x.png in Resources */,
				E4C9EEAC16CECC0E00D6B41A /* spade-11.png in Resources */,
				E4C9EEAD16CECC0E00D6B41A /* spade-11@2x.png in Resources */,
				E4C9EEAE16CECC0E00D6B41A /* spade-12.png in Resources */,
				E4C9EEAF16CECC0E00D6B41A /* spade-12@2x.png in Resources */,
				E4C9EEB016CECC0E00D6B41A /* spade-13.png in Resources */,
				E4C9EEB116CECC0E00D6B41A /* spade-13@2x.png in Resources */,
			);
			runOnlyForDeploymentPostprocessing = 0;
		};
/* End PBXResourcesBuildPhase section */

/* Begin PBXSourcesBuildPhase section */
		E47305DD16C643FF004085AD /* Sources */ = {
			isa = PBXSourcesBuildPhase;
			buildActionMask = 2147483647;
			files = (
				E47305F116C643FF004085AD /* main.m in Sources */,
				E47305F516C643FF004085AD /* CardGameAppDelegate.m in Sources */,
				E473060116C643FF004085AD /* CardGameViewController.m in Sources */,
				E473060F16C64608004085AD /* Card.m in Sources */,
				E473061016C64608004085AD /* Deck.m in Sources */,
				E473061116C64608004085AD /* PlayingCard.m in Sources */,
				E473061216C64608004085AD /* PlayingCardDeck.m in Sources */,
				E473061616C646FC004085AD /* CardMatchingGame.m in Sources */,
				E473069A16C6502B004085AD /* SetGameViewController.m in Sources */,
				E47306A816C8395A004085AD /* SetCard.m in Sources */,
				E47306A916C8395A004085AD /* SetCardDeck.m in Sources */,
				E4C9EB1F16CE873100D6B41A /* PlayingCardGameViewController.m in Sources */,
			);
			runOnlyForDeploymentPostprocessing = 0;
		};
/* End PBXSourcesBuildPhase section */

/* Begin PBXVariantGroup section */
		E47305ED16C643FF004085AD /* InfoPlist.strings */ = {
			isa = PBXVariantGroup;
			children = (
				E47305EE16C643FF004085AD /* en */,
			);
			name = InfoPlist.strings;
			sourceTree = "<group>";
		};
		E47305FC16C643FF004085AD /* MainStoryboard.storyboard */ = {
			isa = PBXVariantGroup;
			children = (
				E47305FD16C643FF004085AD /* en */,
			);
			name = MainStoryboard.storyboard;
			sourceTree = "<group>";
		};
/* End PBXVariantGroup section */

/* Begin XCBuildConfiguration section */
		E473060216C643FF004085AD /* Debug */ = {
			isa = XCBuildConfiguration;
			buildSettings = {
				ALWAYS_SEARCH_USER_PATHS = NO;
				CLANG_CXX_LANGUAGE_STANDARD = "gnu++0x";
				CLANG_CXX_LIBRARY = "libc++";
				CLANG_ENABLE_OBJC_ARC = YES;
				CLANG_WARN_CONSTANT_CONVERSION = YES;
				CLANG_WARN_EMPTY_BODY = YES;
				CLANG_WARN_ENUM_CONVERSION = YES;
				CLANG_WARN_INT_CONVERSION = YES;
				CLANG_WARN__DUPLICATE_METHOD_MATCH = YES;
				"CODE_SIGN_IDENTITY[sdk=iphoneos*]" = "iPhone Developer";
				COPY_PHASE_STRIP = NO;
				GCC_C_LANGUAGE_STANDARD = gnu99;
				GCC_DYNAMIC_NO_PIC = NO;
				GCC_OPTIMIZATION_LEVEL = 0;
				GCC_PREPROCESSOR_DEFINITIONS = (
					"DEBUG=1",
					"$(inherited)",
				);
				GCC_SYMBOLS_PRIVATE_EXTERN = NO;
				GCC_WARN_ABOUT_RETURN_TYPE = YES;
				GCC_WARN_UNINITIALIZED_AUTOS = YES;
				GCC_WARN_UNUSED_VARIABLE = YES;
				IPHONEOS_DEPLOYMENT_TARGET = 6.1;
				ONLY_ACTIVE_ARCH = YES;
				SDKROOT = iphoneos;
			};
			name = Debug;
		};
		E473060316C643FF004085AD /* Release */ = {
			isa = XCBuildConfiguration;
			buildSettings = {
				ALWAYS_SEARCH_USER_PATHS = NO;
				CLANG_CXX_LANGUAGE_STANDARD = "gnu++0x";
				CLANG_CXX_LIBRARY = "libc++";
				CLANG_ENABLE_OBJC_ARC = YES;
				CLANG_WARN_CONSTANT_CONVERSION = YES;
				CLANG_WARN_EMPTY_BODY = YES;
				CLANG_WARN_ENUM_CONVERSION = YES;
				CLANG_WARN_INT_CONVERSION = YES;
				CLANG_WARN__DUPLICATE_METHOD_MATCH = YES;
				"CODE_SIGN_IDENTITY[sdk=iphoneos*]" = "iPhone Developer";
				COPY_PHASE_STRIP = YES;
				GCC_C_LANGUAGE_STANDARD = gnu99;
				GCC_WARN_ABOUT_RETURN_TYPE = YES;
				GCC_WARN_UNINITIALIZED_AUTOS = YES;
				GCC_WARN_UNUSED_VARIABLE = YES;
				IPHONEOS_DEPLOYMENT_TARGET = 6.1;
				OTHER_CFLAGS = "-DNS_BLOCK_ASSERTIONS=1";
				SDKROOT = iphoneos;
				VALIDATE_PRODUCT = YES;
			};
			name = Release;
		};
		E473060516C643FF004085AD /* Debug */ = {
			isa = XCBuildConfiguration;
			buildSettings = {
				GCC_PRECOMPILE_PREFIX_HEADER = YES;
				GCC_PREFIX_HEADER = "SetGame/SetGame-Prefix.pch";
				INFOPLIST_FILE = "SetGame/SetGame-Info.plist";
				PRODUCT_NAME = "$(TARGET_NAME)";
				WRAPPER_EXTENSION = app;
			};
			name = Debug;
		};
		E473060616C643FF004085AD /* Release */ = {
			isa = XCBuildConfiguration;
			buildSettings = {
				GCC_PRECOMPILE_PREFIX_HEADER = YES;
				GCC_PREFIX_HEADER = "SetGame/SetGame-Prefix.pch";
				INFOPLIST_FILE = "SetGame/SetGame-Info.plist";
				PRODUCT_NAME = "$(TARGET_NAME)";
				WRAPPER_EXTENSION = app;
			};
			name = Release;
		};
/* End XCBuildConfiguration section */

/* Begin XCConfigurationList section */
		E47305DC16C643FF004085AD /* Build configuration list for PBXProject "SetGame" */ = {
			isa = XCConfigurationList;
			buildConfigurations = (
				E473060216C643FF004085AD /* Debug */,
				E473060316C643FF004085AD /* Release */,
			);
			defaultConfigurationIsVisible = 0;
			defaultConfigurationName = Release;
		};
		E473060416C643FF004085AD /* Build configuration list for PBXNativeTarget "SetGame" */ = {
			isa = XCConfigurationList;
			buildConfigurations = (
				E473060516C643FF004085AD /* Debug */,
				E473060616C643FF004085AD /* Release */,
			);
			defaultConfigurationIsVisible = 0;
			defaultConfigurationName = Release;
		};
/* End XCConfigurationList section */
	};
	rootObject = E47305D916C643FF004085AD /* Project object */;
}
